// !$*UTF8*$!
{
	archiveVersion = 1;
	classes = {
	};
	objectVersion = 46;
	objects = {

/* Begin PBXBuildFile section */
		9549BB621C7C5E0C0027F687 /* main.m in Sources */ = {isa = PBXBuildFile; fileRef = 9549BB611C7C5E0C0027F687 /* main.m */; };
		9549BB651C7C5E0C0027F687 /* AppDelegate.m in Sources */ = {isa = PBXBuildFile; fileRef = 9549BB641C7C5E0C0027F687 /* AppDelegate.m */; };
		9549BB681C7C5E0C0027F687 /* ViewController.m in Sources */ = {isa = PBXBuildFile; fileRef = 9549BB671C7C5E0C0027F687 /* ViewController.m */; };
		9549BB6B1C7C5E0C0027F687 /* Main.storyboard in Resources */ = {isa = PBXBuildFile; fileRef = 9549BB691C7C5E0C0027F687 /* Main.storyboard */; };
		9549BB6D1C7C5E0C0027F687 /* Assets.xcassets in Resources */ = {isa = PBXBuildFile; fileRef = 9549BB6C1C7C5E0C0027F687 /* Assets.xcassets */; };
		9549BB701C7C5E0C0027F687 /* LaunchScreen.storyboard in Resources */ = {isa = PBXBuildFile; fileRef = 9549BB6E1C7C5E0C0027F687 /* LaunchScreen.storyboard */; };
		9549BB7D1C7C5E4E0027F687 /* AssociativeStorage.m in Sources */ = {isa = PBXBuildFile; fileRef = 9549BB7A1C7C5E4E0027F687 /* AssociativeStorage.m */; };
		9549BB7E1C7C5E4E0027F687 /* UICollectionView+TVReordering.m in Sources */ = {isa = PBXBuildFile; fileRef = 9549BB7C1C7C5E4E0027F687 /* UICollectionView+TVReordering.m */; };
		9549BB811C7C5F1C0027F687 /* LabelCell.m in Sources */ = {isa = PBXBuildFile; fileRef = 9549BB801C7C5F1C0027F687 /* LabelCell.m */; };
/* End PBXBuildFile section */

/* Begin PBXFileReference section */
		9549BB5D1C7C5E0C0027F687 /* CollectionViewDemo.app */ = {isa = PBXFileReference; explicitFileType = wrapper.application; includeInIndex = 0; path = CollectionViewDemo.app; sourceTree = BUILT_PRODUCTS_DIR; };
		9549BB611C7C5E0C0027F687 /* main.m */ = {isa = PBXFileReference; lastKnownFileType = sourcecode.c.objc; path = main.m; sourceTree = "<group>"; };
		9549BB631C7C5E0C0027F687 /* AppDelegate.h */ = {isa = PBXFileReference; lastKnownFileType = sourcecode.c.h; path = AppDelegate.h; sourceTree = "<group>"; };
		9549BB641C7C5E0C0027F687 /* AppDelegate.m */ = {isa = PBXFileReference; lastKnownFileType = sourcecode.c.objc; path = AppDelegate.m; sourceTree = "<group>"; };
		9549BB661C7C5E0C0027F687 /* ViewController.h */ = {isa = PBXFileReference; lastKnownFileType = sourcecode.c.h; path = ViewController.h; sourceTree = "<group>"; };
		9549BB671C7C5E0C0027F687 /* ViewController.m */ = {isa = PBXFileReference; lastKnownFileType = sourcecode.c.objc; path = ViewController.m; sourceTree = "<group>"; };
		9549BB6A1C7C5E0C0027F687 /* Base */ = {isa = PBXFileReference; lastKnownFileType = file.storyboard; name = Base; path = Base.lproj/Main.storyboard; sourceTree = "<group>"; };
		9549BB6C1C7C5E0C0027F687 /* Assets.xcassets */ = {isa = PBXFileReference; lastKnownFileType = folder.assetcatalog; path = Assets.xcassets; sourceTree = "<group>"; };
		9549BB6F1C7C5E0C0027F687 /* Base */ = {isa = PBXFileReference; lastKnownFileType = file.storyboard; name = Base; path = Base.lproj/LaunchScreen.storyboard; sourceTree = "<group>"; };
		9549BB711C7C5E0C0027F687 /* Info.plist */ = {isa = PBXFileReference; lastKnownFileType = text.plist.xml; path = Info.plist; sourceTree = "<group>"; };
		9549BB791C7C5E4E0027F687 /* AssociativeStorage.h */ = {isa = PBXFileReference; fileEncoding = 4; lastKnownFileType = sourcecode.c.h; path = AssociativeStorage.h; sourceTree = "<group>"; };
		9549BB7A1C7C5E4E0027F687 /* AssociativeStorage.m */ = {isa = PBXFileReference; fileEncoding = 4; lastKnownFileType = sourcecode.c.objc; path = AssociativeStorage.m; sourceTree = "<group>"; };
		9549BB7B1C7C5E4E0027F687 /* UICollectionView+TVReordering.h */ = {isa = PBXFileReference; fileEncoding = 4; lastKnownFileType = sourcecode.c.h; path = "UICollectionView+TVReordering.h"; sourceTree = "<group>"; };
		9549BB7C1C7C5E4E0027F687 /* UICollectionView+TVReordering.m */ = {isa = PBXFileReference; fileEncoding = 4; lastKnownFileType = sourcecode.c.objc; path = "UICollectionView+TVReordering.m"; sourceTree = "<group>"; };
		9549BB7F1C7C5F1C0027F687 /* LabelCell.h */ = {isa = PBXFileReference; fileEncoding = 4; lastKnownFileType = sourcecode.c.h; path = LabelCell.h; sourceTree = "<group>"; };
		9549BB801C7C5F1C0027F687 /* LabelCell.m */ = {isa = PBXFileReference; fileEncoding = 4; lastKnownFileType = sourcecode.c.objc; path = LabelCell.m; sourceTree = "<group>"; };
/* End PBXFileReference section */

/* Begin PBXFrameworksBuildPhase section */
		9549BB5A1C7C5E0C0027F687 /* Frameworks */ = {
			isa = PBXFrameworksBuildPhase;
			buildActionMask = 2147483647;
			files = (
			);
			runOnlyForDeploymentPostprocessing = 0;
		};
/* End PBXFrameworksBuildPhase section */

/* Begin PBXGroup section */
		9549BB541C7C5E0C0027F687 = {
			isa = PBXGroup;
			children = (
				9549BB5F1C7C5E0C0027F687 /* CollectionViewDemo */,
				9549BB5E1C7C5E0C0027F687 /* Products */,
			);
			sourceTree = "<group>";
		};
		9549BB5E1C7C5E0C0027F687 /* Products */ = {
			isa = PBXGroup;
			children = (
				9549BB5D1C7C5E0C0027F687 /* CollectionViewDemo.app */,
			);
			name = Products;
			sourceTree = "<group>";
		};
		9549BB5F1C7C5E0C0027F687 /* CollectionViewDemo */ = {
			isa = PBXGroup;
			children = (
				9549BB781C7C5E4E0027F687 /* Classes */,
				9549BB631C7C5E0C0027F687 /* AppDelegate.h */,
				9549BB641C7C5E0C0027F687 /* AppDelegate.m */,
				9549BB661C7C5E0C0027F687 /* ViewController.h */,
				9549BB671C7C5E0C0027F687 /* ViewController.m */,
				9549BB7F1C7C5F1C0027F687 /* LabelCell.h */,
				9549BB801C7C5F1C0027F687 /* LabelCell.m */,
				9549BB691C7C5E0C0027F687 /* Main.storyboard */,
				9549BB601C7C5E0C0027F687 /* Supporting Files */,
			);
			path = CollectionViewDemo;
			sourceTree = "<group>";
		};
		9549BB601C7C5E0C0027F687 /* Supporting Files */ = {
			isa = PBXGroup;
			children = (
				9549BB6C1C7C5E0C0027F687 /* Assets.xcassets */,
				9549BB711C7C5E0C0027F687 /* Info.plist */,
				9549BB6E1C7C5E0C0027F687 /* LaunchScreen.storyboard */,
				9549BB611C7C5E0C0027F687 /* main.m */,
			);
			name = "Supporting Files";
			sourceTree = "<group>";
		};
		9549BB781C7C5E4E0027F687 /* Classes */ = {
			isa = PBXGroup;
			children = (
				9549BB791C7C5E4E0027F687 /* AssociativeStorage.h */,
				9549BB7A1C7C5E4E0027F687 /* AssociativeStorage.m */,
				9549BB7B1C7C5E4E0027F687 /* UICollectionView+TVReordering.h */,
				9549BB7C1C7C5E4E0027F687 /* UICollectionView+TVReordering.m */,
			);
			name = Classes;
			path = ../../Classes;
			sourceTree = "<group>";
		};
/* End PBXGroup section */

/* Begin PBXNativeTarget section */
		9549BB5C1C7C5E0C0027F687 /* CollectionViewDemo */ = {
			isa = PBXNativeTarget;
			buildConfigurationList = 9549BB741C7C5E0C0027F687 /* Build configuration list for PBXNativeTarget "CollectionViewDemo" */;
			buildPhases = (
				9549BB591C7C5E0C0027F687 /* Sources */,
				9549BB5A1C7C5E0C0027F687 /* Frameworks */,
				9549BB5B1C7C5E0C0027F687 /* Resources */,
			);
			buildRules = (
			);
			dependencies = (
			);
			name = CollectionViewDemo;
			productName = CollectionViewDemo;
			productReference = 9549BB5D1C7C5E0C0027F687 /* CollectionViewDemo.app */;
			productType = "com.apple.product-type.application";
		};
/* End PBXNativeTarget section */

/* Begin PBXProject section */
		9549BB551C7C5E0C0027F687 /* Project object */ = {
			isa = PBXProject;
			attributes = {
				LastUpgradeCheck = 0720;
				ORGANIZATIONNAME = Topvogues;
				TargetAttributes = {
					9549BB5C1C7C5E0C0027F687 = {
						CreatedOnToolsVersion = 7.2;
					};
				};
			};
			buildConfigurationList = 9549BB581C7C5E0C0027F687 /* Build configuration list for PBXProject "CollectionViewDemo" */;
			compatibilityVersion = "Xcode 3.2";
			developmentRegion = English;
			hasScannedForEncodings = 0;
			knownRegions = (
				en,
				Base,
			);
			mainGroup = 9549BB541C7C5E0C0027F687;
			productRefGroup = 9549BB5E1C7C5E0C0027F687 /* Products */;
			projectDirPath = "";
			projectRoot = "";
			targets = (
				9549BB5C1C7C5E0C0027F687 /* CollectionViewDemo */,
			);
		};
/* End PBXProject section */

/* Begin PBXResourcesBuildPhase section */
		9549BB5B1C7C5E0C0027F687 /* Resources */ = {
			isa = PBXResourcesBuildPhase;
			buildActionMask = 2147483647;
			files = (
				9549BB701C7C5E0C0027F687 /* LaunchScreen.storyboard in Resources */,
				9549BB6D1C7C5E0C0027F687 /* Assets.xcassets in Resources */,
				9549BB6B1C7C5E0C0027F687 /* Main.storyboard in Resources */,
			);
			runOnlyForDeploymentPostprocessing = 0;
		};
/* End PBXResourcesBuildPhase section */

/* Begin PBXSourcesBuildPhase section */
		9549BB591C7C5E0C0027F687 /* Sources */ = {
			isa = PBXSourcesBuildPhase;
			buildActionMask = 2147483647;
			files = (
				9549BB681C7C5E0C0027F687 /* ViewController.m in Sources */,
				9549BB651C7C5E0C0027F687 /* AppDelegate.m in Sources */,
				9549BB811C7C5F1C0027F687 /* LabelCell.m in Sources */,
				9549BB621C7C5E0C0027F687 /* main.m in Sources */,
				9549BB7E1C7C5E4E0027F687 /* UICollectionView+TVReordering.m in Sources */,
				9549BB7D1C7C5E4E0027F687 /* AssociativeStorage.m in Sources */,
			);
			runOnlyForDeploymentPostprocessing = 0;
		};
/* End PBXSourcesBuildPhase section */

/* Begin PBXVariantGroup section */
		9549BB691C7C5E0C0027F687 /* Main.storyboard */ = {
			isa = PBXVariantGroup;
			children = (
				9549BB6A1C7C5E0C0027F687 /* Base */,
			);
			name = Main.storyboard;
			sourceTree = "<group>";
		};
		9549BB6E1C7C5E0C0027F687 /* LaunchScreen.storyboard */ = {
			isa = PBXVariantGroup;
			children = (
				9549BB6F1C7C5E0C0027F687 /* Base */,
			);
			name = LaunchScreen.storyboard;
			sourceTree = "<group>";
		};
/* End PBXVariantGroup section */

/* Begin XCBuildConfiguration section */
		9549BB721C7C5E0C0027F687 /* Debug */ = {
			isa = XCBuildConfiguration;
			buildSettings = {
				ALWAYS_SEARCH_USER_PATHS = NO;
				CLANG_CXX_LANGUAGE_STANDARD = "gnu++0x";
				CLANG_CXX_LIBRARY = "libc++";
				CLANG_ENABLE_MODULES = YES;
				CLANG_ENABLE_OBJC_ARC = YES;
				CLANG_WARN_BOOL_CONVERSION = YES;
				CLANG_WARN_CONSTANT_CONVERSION = YES;
				CLANG_WARN_DIRECT_OBJC_ISA_USAGE = YES_ERROR;
				CLANG_WARN_EMPTY_BODY = YES;
				CLANG_WARN_ENUM_CONVERSION = YES;
				CLANG_WARN_INT_CONVERSION = YES;
				CLANG_WARN_OBJC_ROOT_CLASS = YES_ERROR;
				CLANG_WARN_UNREACHABLE_CODE = YES;
				CLANG_WARN__DUPLICATE_METHOD_MATCH = YES;
				"CODE_SIGN_IDENTITY[sdk=iphoneos*]" = "iPhone Developer";
				COPY_PHASE_STRIP = NO;
				DEBUG_INFORMATION_FORMAT = dwarf;
				ENABLE_STRICT_OBJC_MSGSEND = YES;
				ENABLE_TESTABILITY = YES;
				GCC_C_LANGUAGE_STANDARD = gnu99;
				GCC_DYNAMIC_NO_PIC = NO;
				GCC_NO_COMMON_BLOCKS = YES;
				GCC_OPTIMIZATION_LEVEL = 0;
				GCC_PREPROCESSOR_DEFINITIONS = (
					"DEBUG=1",
					"$(inherited)",
				);
				GCC_WARN_64_TO_32_BIT_CONVERSION = YES;
				GCC_WARN_ABOUT_RETURN_TYPE = YES_ERROR;
				GCC_WARN_UNDECLARED_SELECTOR = YES;
				GCC_WARN_UNINITIALIZED_AUTOS = YES_AGGRESSIVE;
				GCC_WARN_UNUSED_FUNCTION = YES;
				GCC_WARN_UNUSED_VARIABLE = YES;
				IPHONEOS_DEPLOYMENT_TARGET = 9.2;
				MTL_ENABLE_DEBUG_INFO = YES;
				ONLY_ACTIVE_ARCH = YES;
				SDKROOT = iphoneos;
			};
			name = Debug;
		};
		9549BB731C7C5E0C0027F687 /* Release */ = {
			isa = XCBuildConfiguration;
			buildSettings = {
				ALWAYS_SEARCH_USER_PATHS = NO;
				CLANG_CXX_LANGUAGE_STANDARD = "gnu++0x";
				CLANG_CXX_LIBRARY = "libc++";
				CLANG_ENABLE_MODULES = YES;
				CLANG_ENABLE_OBJC_ARC = YES;
				CLANG_WARN_BOOL_CONVERSION = YES;
				CLANG_WARN_CONSTANT_CONVERSION = YES;
				CLANG_WARN_DIRECT_OBJC_ISA_USAGE = YES_ERROR;
				CLANG_WARN_EMPTY_BODY = YES;
				CLANG_WARN_ENUM_CONVERSION = YES;
				CLANG_WARN_INT_CONVERSION = YES;
				CLANG_WARN_OBJC_ROOT_CLASS = YES_ERROR;
				CLANG_WARN_UNREACHABLE_CODE = YES;
				CLANG_WARN__DUPLICATE_METHOD_MATCH = YES;
				"CODE_SIGN_IDENTITY[sdk=iphoneos*]" = "iPhone Developer";
				COPY_PHASE_STRIP = NO;
				DEBUG_INFORMATION_FORMAT = "dwarf-with-dsym";
				ENABLE_NS_ASSERTIONS = NO;
				ENABLE_STRICT_OBJC_MSGSEND = YES;
				GCC_C_LANGUAGE_STANDARD = gnu99;
				GCC_NO_COMMON_BLOCKS = YES;
				GCC_WARN_64_TO_32_BIT_CONVERSION = YES;
				GCC_WARN_ABOUT_RETURN_TYPE = YES_ERROR;
				GCC_WARN_UNDECLARED_SELECTOR = YES;
				GCC_WARN_UNINITIALIZED_AUTOS = YES_AGGRESSIVE;
				GCC_WARN_UNUSED_FUNCTION = YES;
				GCC_WARN_UNUSED_VARIABLE = YES;
				IPHONEOS_DEPLOYMENT_TARGET = 9.2;
				MTL_ENABLE_DEBUG_INFO = NO;
				SDKROOT = iphoneos;
				VALIDATE_PRODUCT = YES;
			};
			name = Release;
		};
		9549BB751C7C5E0C0027F687 /* Debug */ = {
			isa = XCBuildConfiguration;
			buildSettings = {
				ASSETCATALOG_COMPILER_APPICON_NAME = AppIcon;
				INFOPLIST_FILE = CollectionViewDemo/Info.plist;
				IPHONEOS_DEPLOYMENT_TARGET = 7.0;
				LD_RUNPATH_SEARCH_PATHS = "$(inherited) @executable_path/Frameworks";
				PRODUCT_BUNDLE_IDENTIFIER = com.topvogue.CollectionViewDemo;
				PRODUCT_NAME = "$(TARGET_NAME)";
			};
			name = Debug;
		};
		9549BB761C7C5E0C0027F687 /* Release */ = {
			isa = XCBuildConfiguration;
			buildSettings = {
				ASSETCATALOG_COMPILER_APPICON_NAME = AppIcon;
				INFOPLIST_FILE = CollectionViewDemo/Info.plist;
				IPHONEOS_DEPLOYMENT_TARGET = 7.0;
				LD_RUNPATH_SEARCH_PATHS = "$(inherited) @executable_path/Frameworks";
				PRODUCT_BUNDLE_IDENTIFIER = com.topvogue.CollectionViewDemo;
				PRODUCT_NAME = "$(TARGET_NAME)";
			};
			name = Release;
		};
/* End XCBuildConfiguration section */

/* Begin XCConfigurationList section */
		9549BB581C7C5E0C0027F687 /* Build configuration list for PBXProject "CollectionViewDemo" */ = {
			isa = XCConfigurationList;
			buildConfigurations = (
				9549BB721C7C5E0C0027F687 /* Debug */,
				9549BB731C7C5E0C0027F687 /* Release */,
			);
			defaultConfigurationIsVisible = 0;
			defaultConfigurationName = Release;
		};
		9549BB741C7C5E0C0027F687 /* Build configuration list for PBXNativeTarget "CollectionViewDemo" */ = {
			isa = XCConfigurationList;
			buildConfigurations = (
				9549BB751C7C5E0C0027F687 /* Debug */,
				9549BB761C7C5E0C0027F687 /* Release */,
			);
			defaultConfigurationIsVisible = 0;
		};
/* End XCConfigurationList section */
	};
	rootObject = 9549BB551C7C5E0C0027F687 /* Project object */;
}
